
Microsoft Visual Studio Solution File, Format Version 12.00
# Visual Studio Version 17
VisualStudioVersion = 17.0.31903.59
MinimumVisualStudioVersion = 10.0.40219.1
Project("{2150E333-8FDC-42A3-9474-1A3956D46DE8}") = "src", "src", "{FD17AFFD-0EB9-4CDF-9E17-D57085049565}"
EndProject
Project("{FAE04EC0-301F-11D3-BF4B-00C04F79EFBC}") = "CrashBytes.Enums", "src\CrashBytes.Enums\CrashBytes.Enums.csproj", "{5D81C0F8-5847-456C-86EE-2FB98BA4D049}"
EndProject
Project("{2150E333-8FDC-42A3-9474-1A3956D46DE8}") = "tests", "tests", "{73361B62-E30C-4EE9-B9F5-9C7DD58F3921}"
EndProject
Project("{FAE04EC0-301F-11D3-BF4B-00C04F79EFBC}") = "CrashBytes.Enums.Tests", "tests\CrashBytes.Enums.Tests\CrashBytes.Enums.Tests.csproj", "{8EEA68B1-C6FB-4272-81C6-3D0EB4BAEA0E}"
EndProject
Global
	GlobalSection(SolutionConfigurationPlatforms) = preSolution
		Debug|Any CPU = Debug|Any CPU
		Release|Any CPU = Release|Any CPU
	EndGlobalSection
	GlobalSection(SolutionProperties) = preSolution
		HideSolutionNode = FALSE
	EndGlobalSection
	GlobalSection(ProjectConfigurationPlatforms) = postSolution
		{5D81C0F8-5847-456C-86EE-2FB98BA4D049}.Debug|Any CPU.ActiveCfg = Debug|Any CPU
		{5D81C0F8-5847-456C-86EE-2FB98BA4D049}.Debug|Any CPU.Build.0 = Debug|Any CPU
		{5D81C0F8-5847-456C-86EE-2FB98BA4D049}.Release|Any CPU.ActiveCfg = Release|Any CPU
		{5D81C0F8-5847-456C-86EE-2FB98BA4D049}.Release|Any CPU.Build.0 = Release|Any CPU
		{8EEA68B1-C6FB-4272-81C6-3D0EB4BAEA0E}.Debug|Any CPU.ActiveCfg = Debug|Any CPU
		{8EEA68B1-C6FB-4272-81C6-3D0EB4BAEA0E}.Debug|Any CPU.Build.0 = Debug|Any CPU
		{8EEA68B1-C6FB-4272-81C6-3D0EB4BAEA0E}.Release|Any CPU.ActiveCfg = Release|Any CPU
		{8EEA68B1-C6FB-4272-81C6-3D0EB4BAEA0E}.Release|Any CPU.Build.0 = Release|Any CPU
	EndGlobalSection
	GlobalSection(NestedProjects) = preSolution
		{5D81C0F8-5847-456C-86EE-2FB98BA4D049} = {FD17AFFD-0EB9-4CDF-9E17-D57085049565}
		{8EEA68B1-C6FB-4272-81C6-3D0EB4BAEA0E} = {73361B62-E30C-4EE9-B9F5-9C7DD58F3921}
	EndGlobalSection
EndGlobal
